
Microsoft Visual Studio Solution File, Format Version 12.00
# Visual Studio Version 17
VisualStudioVersion = 17.6.33801.468
MinimumVisualStudioVersion = 10.0.40219.1
Project("{FAE04EC0-301F-11D3-BF4B-00C04F79EFBC}") = "atividade 9", "atividade 9\atividade 9.csproj", "{11A8817E-DEE1-4E89-A9B1-578564E24528}"
EndProject
Global
	GlobalSection(SolutionConfigurationPlatforms) = preSolution
		Debug|Any CPU = Debug|Any CPU
		Release|Any CPU = Release|Any CPU
	EndGlobalSection
	GlobalSection(ProjectConfigurationPlatforms) = postSolution
		{11A8817E-DEE1-4E89-A9B1-578564E24528}.Debug|Any CPU.ActiveCfg = Debug|Any CPU
		{11A8817E-DEE1-4E89-A9B1-578564E24528}.Debug|Any CPU.Build.0 = Debug|Any CPU
		{11A8817E-DEE1-4E89-A9B1-578564E24528}.Release|Any CPU.ActiveCfg = Release|Any CPU
		{11A8817E-DEE1-4E89-A9B1-578564E24528}.Release|Any CPU.Build.0 = Release|Any CPU
	EndGlobalSection
	GlobalSection(SolutionProperties) = preSolution
		HideSolutionNode = FALSE
	EndGlobalSection
	GlobalSection(ExtensibilityGlobals) = postSolution
		SolutionGuid = {5390B001-F81F-4E21-8FE6-3522FDB22C6F}
	EndGlobalSection
EndGlobal
