
Microsoft Visual Studio Solution File, Format Version 12.00
# Visual Studio Version 17
VisualStudioVersion = 17.6.33801.468
MinimumVisualStudioVersion = 10.0.40219.1
Project("{FAE04EC0-301F-11D3-BF4B-00C04F79EFBC}") = "atividade 16", "atividade 16\atividade 16.csproj", "{1305578A-B4DE-4404-B16F-9E18978525B6}"
EndProject
Global
	GlobalSection(SolutionConfigurationPlatforms) = preSolution
		Debug|Any CPU = Debug|Any CPU
		Release|Any CPU = Release|Any CPU
	EndGlobalSection
	GlobalSection(ProjectConfigurationPlatforms) = postSolution
		{1305578A-B4DE-4404-B16F-9E18978525B6}.Debug|Any CPU.ActiveCfg = Debug|Any CPU
		{1305578A-B4DE-4404-B16F-9E18978525B6}.Debug|Any CPU.Build.0 = Debug|Any CPU
		{1305578A-B4DE-4404-B16F-9E18978525B6}.Release|Any CPU.ActiveCfg = Release|Any CPU
		{1305578A-B4DE-4404-B16F-9E18978525B6}.Release|Any CPU.Build.0 = Release|Any CPU
	EndGlobalSection
	GlobalSection(SolutionProperties) = preSolution
		HideSolutionNode = FALSE
	EndGlobalSection
	GlobalSection(ExtensibilityGlobals) = postSolution
		SolutionGuid = {81347524-22FC-40D7-8EDC-F605980928E8}
	EndGlobalSection
EndGlobal
