
Microsoft Visual Studio Solution File, Format Version 12.00
# Visual Studio Version 17
VisualStudioVersion = 17.6.33801.468
MinimumVisualStudioVersion = 10.0.40219.1
Project("{FAE04EC0-301F-11D3-BF4B-00C04F79EFBC}") = "ConsoleApp1", "ConsoleApp1\ConsoleApp1.csproj", "{14BA3A7E-5D9B-4CA9-90FB-36901DE203BF}"
EndProject
Global
	GlobalSection(SolutionConfigurationPlatforms) = preSolution
		Debug|Any CPU = Debug|Any CPU
		Release|Any CPU = Release|Any CPU
	EndGlobalSection
	GlobalSection(ProjectConfigurationPlatforms) = postSolution
		{14BA3A7E-5D9B-4CA9-90FB-36901DE203BF}.Debug|Any CPU.ActiveCfg = Debug|Any CPU
		{14BA3A7E-5D9B-4CA9-90FB-36901DE203BF}.Debug|Any CPU.Build.0 = Debug|Any CPU
		{14BA3A7E-5D9B-4CA9-90FB-36901DE203BF}.Release|Any CPU.ActiveCfg = Release|Any CPU
		{14BA3A7E-5D9B-4CA9-90FB-36901DE203BF}.Release|Any CPU.Build.0 = Release|Any CPU
	EndGlobalSection
	GlobalSection(SolutionProperties) = preSolution
		HideSolutionNode = FALSE
	EndGlobalSection
	GlobalSection(ExtensibilityGlobals) = postSolution
		SolutionGuid = {0ABC98CA-6530-4D16-B430-0E65310EFC02}
	EndGlobalSection
EndGlobal
