
Microsoft Visual Studio Solution File, Format Version 12.00
# Visual Studio Version 17
VisualStudioVersion = 17.6.33801.468
MinimumVisualStudioVersion = 10.0.40219.1
Project("{FAE04EC0-301F-11D3-BF4B-00C04F79EFBC}") = "atividade 6", "atividade 6\atividade 6.csproj", "{14CDD2DD-A82A-428F-A4C1-1F6B9162FEA7}"
EndProject
Global
	GlobalSection(SolutionConfigurationPlatforms) = preSolution
		Debug|Any CPU = Debug|Any CPU
		Release|Any CPU = Release|Any CPU
	EndGlobalSection
	GlobalSection(ProjectConfigurationPlatforms) = postSolution
		{14CDD2DD-A82A-428F-A4C1-1F6B9162FEA7}.Debug|Any CPU.ActiveCfg = Debug|Any CPU
		{14CDD2DD-A82A-428F-A4C1-1F6B9162FEA7}.Debug|Any CPU.Build.0 = Debug|Any CPU
		{14CDD2DD-A82A-428F-A4C1-1F6B9162FEA7}.Release|Any CPU.ActiveCfg = Release|Any CPU
		{14CDD2DD-A82A-428F-A4C1-1F6B9162FEA7}.Release|Any CPU.Build.0 = Release|Any CPU
	EndGlobalSection
	GlobalSection(SolutionProperties) = preSolution
		HideSolutionNode = FALSE
	EndGlobalSection
	GlobalSection(ExtensibilityGlobals) = postSolution
		SolutionGuid = {8F3B4DF7-AA0C-4DC8-83C1-D47C0F60A193}
	EndGlobalSection
EndGlobal
